
Microsoft Visual Studio Solution File, Format Version 12.00
# Visual Studio 15
VisualStudioVersion = 15.0.28307.1145
MinimumVisualStudioVersion = 10.0.40219.1
Project("{FAE04EC0-301F-11D3-BF4B-00C04F79EFBC}") = "OnlineShop", "OnlineShop\OnlineShop.csproj", "{5CD0923E-ED5A-41A7-B601-720CBA156156}"
EndProject
Global
	GlobalSection(SolutionConfigurationPlatforms) = preSolution
		Debug|Any CPU = Debug|Any CPU
		Release|Any CPU = Release|Any CPU
	EndGlobalSection
	GlobalSection(ProjectConfigurationPlatforms) = postSolution
		{5CD0923E-ED5A-41A7-B601-720CBA156156}.Debug|Any CPU.ActiveCfg = Debug|Any CPU
		{5CD0923E-ED5A-41A7-B601-720CBA156156}.Debug|Any CPU.Build.0 = Debug|Any CPU
		{5CD0923E-ED5A-41A7-B601-720CBA156156}.Release|Any CPU.ActiveCfg = Release|Any CPU
		{5CD0923E-ED5A-41A7-B601-720CBA156156}.Release|Any CPU.Build.0 = Release|Any CPU
	EndGlobalSection
	GlobalSection(SolutionProperties) = preSolution
		HideSolutionNode = FALSE
	EndGlobalSection
	GlobalSection(ExtensibilityGlobals) = postSolution
		SolutionGuid = {2306F242-E32E-4042-808B-7D669F9324BD}
	EndGlobalSection
EndGlobal
