
Microsoft Visual Studio Solution File, Format Version 12.00
# Visual Studio 15
VisualStudioVersion = 15.0.28307.1145
MinimumVisualStudioVersion = 10.0.40219.1
Project("{FAE04EC0-301F-11D3-BF4B-00C04F79EFBC}") = "ShopOline", "ShopOline\ShopOline.csproj", "{49569F18-A608-40B4-8BCD-D9BA09B5D44F}"
EndProject
Global
	GlobalSection(SolutionConfigurationPlatforms) = preSolution
		Debug|Any CPU = Debug|Any CPU
		Release|Any CPU = Release|Any CPU
	EndGlobalSection
	GlobalSection(ProjectConfigurationPlatforms) = postSolution
		{49569F18-A608-40B4-8BCD-D9BA09B5D44F}.Debug|Any CPU.ActiveCfg = Debug|Any CPU
		{49569F18-A608-40B4-8BCD-D9BA09B5D44F}.Debug|Any CPU.Build.0 = Debug|Any CPU
		{49569F18-A608-40B4-8BCD-D9BA09B5D44F}.Release|Any CPU.ActiveCfg = Release|Any CPU
		{49569F18-A608-40B4-8BCD-D9BA09B5D44F}.Release|Any CPU.Build.0 = Release|Any CPU
	EndGlobalSection
	GlobalSection(SolutionProperties) = preSolution
		HideSolutionNode = FALSE
	EndGlobalSection
	GlobalSection(ExtensibilityGlobals) = postSolution
		SolutionGuid = {EC8AC3FA-B850-4F52-8106-91503D7B4800}
	EndGlobalSection
EndGlobal
